schema: '2.0'
stages:
  prepare:
    cmd: python scripts/prepare.py data/raw/work_absenteeism_modified.csv
    deps:
    - path: data/raw/work_absenteeism_modified.csv
      hash: md5
      md5: 96c318341d1846f567be7127f52d03e1
      size: 79517
    - path: scripts/prepare.py
      hash: md5
      md5: 148191b38837f9722c83fb644ea83b7a
      size: 5000
    params:
      params.yaml:
        prepare.seed: 20170428
        prepare.split: 0.2
    outs:
    - path: data/prepared
      hash: md5
      md5: 825439482986e995a3106f7377627687.dir
      size: 49471
      nfiles: 2
  featurize:
    cmd: python scripts/featurization.py data/prepared data/features
    deps:
    - path: data/prepared
      hash: md5
      md5: 825439482986e995a3106f7377627687.dir
      size: 49471
      nfiles: 2
    - path: scripts/featurization.py
      hash: md5
      md5: af9dccfd5f7f894400073d168110cd77
      size: 3598
    outs:
    - path: data/features
      hash: md5
      md5: 4f00ee4ec4ad32cd7dc1de5549aa12e3.dir
      size: 48329
      nfiles: 3
  train:
    cmd: python scripts/train.py data/features models
    deps:
    - path: data/features
      hash: md5
      md5: 4f00ee4ec4ad32cd7dc1de5549aa12e3.dir
      size: 48329
      nfiles: 3
    - path: scripts/train.py
      hash: md5
      md5: 57aeef5597dff7be85152d135f20c11a
      size: 2481
    params:
      params.yaml:
        train.seed: 20170428
    outs:
    - path: models/linear_model.pkl
      hash: md5
      md5: 8657505d4ef572e959180ef051664dbf
      size: 111593
